
Microsoft Visual Studio Solution File, Format Version 12.00
# Visual Studio Version 17
VisualStudioVersion = 17.13.35913.81 d17.13
MinimumVisualStudioVersion = 10.0.40219.1
Project("{FAE04EC0-301F-11D3-BF4B-00C04F79EFBC}") = "TravelPlanningServices", "TravelPlanningServices\TravelPlanningServices.csproj", "{523EB897-7240-4FDA-AE2A-4D3DA5C6B217}"
EndProject
Project("{FAE04EC0-301F-11D3-BF4B-00C04F79EFBC}") = "TravelPlanningServicesTryIt", "TravelPlanningServicesTryIt\TravelPlanningServicesTryIt.csproj", "{7AAB19F1-86D6-404A-A61E-3F728A6C4CE2}"
	ProjectSection(ProjectDependencies) = postProject
		{523EB897-7240-4FDA-AE2A-4D3DA5C6B217} = {523EB897-7240-4FDA-AE2A-4D3DA5C6B217}
	EndProjectSection
EndProject
Global
	GlobalSection(SolutionConfigurationPlatforms) = preSolution
		Debug|Any CPU = Debug|Any CPU
		Release|Any CPU = Release|Any CPU
	EndGlobalSection
	GlobalSection(ProjectConfigurationPlatforms) = postSolution
		{523EB897-7240-4FDA-AE2A-4D3DA5C6B217}.Debug|Any CPU.ActiveCfg = Debug|Any CPU
		{523EB897-7240-4FDA-AE2A-4D3DA5C6B217}.Debug|Any CPU.Build.0 = Debug|Any CPU
		{523EB897-7240-4FDA-AE2A-4D3DA5C6B217}.Release|Any CPU.ActiveCfg = Release|Any CPU
		{523EB897-7240-4FDA-AE2A-4D3DA5C6B217}.Release|Any CPU.Build.0 = Release|Any CPU
		{7AAB19F1-86D6-404A-A61E-3F728A6C4CE2}.Debug|Any CPU.ActiveCfg = Debug|Any CPU
		{7AAB19F1-86D6-404A-A61E-3F728A6C4CE2}.Debug|Any CPU.Build.0 = Debug|Any CPU
		{7AAB19F1-86D6-404A-A61E-3F728A6C4CE2}.Release|Any CPU.ActiveCfg = Release|Any CPU
		{7AAB19F1-86D6-404A-A61E-3F728A6C4CE2}.Release|Any CPU.Build.0 = Release|Any CPU
	EndGlobalSection
	GlobalSection(SolutionProperties) = preSolution
		HideSolutionNode = FALSE
	EndGlobalSection
	GlobalSection(ExtensibilityGlobals) = postSolution
		SolutionGuid = {7A65ABF5-385F-43A1-BB38-DAE725EE2C49}
	EndGlobalSection
EndGlobal
